
Microsoft Visual Studio Solution File, Format Version 12.00
# Visual Studio Version 17
VisualStudioVersion = 17.4.33122.133
MinimumVisualStudioVersion = 10.0.40219.1
Project("{FAE04EC0-301F-11D3-BF4B-00C04F79EFBC}") = "Prueba_Banco", "Prueba_Banco\Prueba_Banco.csproj", "{A8FEA04F-11A5-47E0-BA8F-D9A02C129F3B}"
EndProject
Global
	GlobalSection(SolutionConfigurationPlatforms) = preSolution
		Debug|Any CPU = Debug|Any CPU
		Release|Any CPU = Release|Any CPU
	EndGlobalSection
	GlobalSection(ProjectConfigurationPlatforms) = postSolution
		{A8FEA04F-11A5-47E0-BA8F-D9A02C129F3B}.Debug|Any CPU.ActiveCfg = Debug|Any CPU
		{A8FEA04F-11A5-47E0-BA8F-D9A02C129F3B}.Debug|Any CPU.Build.0 = Debug|Any CPU
		{A8FEA04F-11A5-47E0-BA8F-D9A02C129F3B}.Release|Any CPU.ActiveCfg = Release|Any CPU
		{A8FEA04F-11A5-47E0-BA8F-D9A02C129F3B}.Release|Any CPU.Build.0 = Release|Any CPU
	EndGlobalSection
	GlobalSection(SolutionProperties) = preSolution
		HideSolutionNode = FALSE
	EndGlobalSection
	GlobalSection(ExtensibilityGlobals) = postSolution
		SolutionGuid = {A9098845-F872-4E14-8A94-2D030A5F711B}
	EndGlobalSection
EndGlobal
